
Microsoft Visual Studio Solution File, Format Version 12.00
# Visual Studio Version 17
VisualStudioVersion = 17.7.34031.279
MinimumVisualStudioVersion = 10.0.40219.1
Project("{8BC9CEB8-8B4A-11D0-8D11-00A0C91BC942}") = "oop_2.6", "oop_2.6\oop_2.6.vcxproj", "{F1BAA139-C01E-497D-834E-37F59D346FBD}"
EndProject
Project("{8BC9CEB8-8B4A-11D0-8D11-00A0C91BC942}") = "UnitTest1", "UnitTest1\UnitTest1.vcxproj", "{2002C682-7709-4FAC-B42C-BE7DA15AF203}"
EndProject
Global
	GlobalSection(SolutionConfigurationPlatforms) = preSolution
		Debug|x64 = Debug|x64
		Debug|x86 = Debug|x86
		Release|x64 = Release|x64
		Release|x86 = Release|x86
	EndGlobalSection
	GlobalSection(ProjectConfigurationPlatforms) = postSolution
		{F1BAA139-C01E-497D-834E-37F59D346FBD}.Debug|x64.ActiveCfg = Debug|x64
		{F1BAA139-C01E-497D-834E-37F59D346FBD}.Debug|x64.Build.0 = Debug|x64
		{F1BAA139-C01E-497D-834E-37F59D346FBD}.Debug|x86.ActiveCfg = Debug|Win32
		{F1BAA139-C01E-497D-834E-37F59D346FBD}.Debug|x86.Build.0 = Debug|Win32
		{F1BAA139-C01E-497D-834E-37F59D346FBD}.Release|x64.ActiveCfg = Release|x64
		{F1BAA139-C01E-497D-834E-37F59D346FBD}.Release|x64.Build.0 = Release|x64
		{F1BAA139-C01E-497D-834E-37F59D346FBD}.Release|x86.ActiveCfg = Release|Win32
		{F1BAA139-C01E-497D-834E-37F59D346FBD}.Release|x86.Build.0 = Release|Win32
		{2002C682-7709-4FAC-B42C-BE7DA15AF203}.Debug|x64.ActiveCfg = Debug|x64
		{2002C682-7709-4FAC-B42C-BE7DA15AF203}.Debug|x64.Build.0 = Debug|x64
		{2002C682-7709-4FAC-B42C-BE7DA15AF203}.Debug|x86.ActiveCfg = Debug|Win32
		{2002C682-7709-4FAC-B42C-BE7DA15AF203}.Debug|x86.Build.0 = Debug|Win32
		{2002C682-7709-4FAC-B42C-BE7DA15AF203}.Release|x64.ActiveCfg = Release|x64
		{2002C682-7709-4FAC-B42C-BE7DA15AF203}.Release|x64.Build.0 = Release|x64
		{2002C682-7709-4FAC-B42C-BE7DA15AF203}.Release|x86.ActiveCfg = Release|Win32
		{2002C682-7709-4FAC-B42C-BE7DA15AF203}.Release|x86.Build.0 = Release|Win32
	EndGlobalSection
	GlobalSection(SolutionProperties) = preSolution
		HideSolutionNode = FALSE
	EndGlobalSection
	GlobalSection(ExtensibilityGlobals) = postSolution
		SolutionGuid = {BBF534D3-BCEC-4DBD-9C36-8C864266857C}
	EndGlobalSection
EndGlobal
